
Microsoft Visual Studio Solution File, Format Version 12.00
# Visual Studio 15
VisualStudioVersion = 15.0.28010.2050
MinimumVisualStudioVersion = 10.0.40219.1
Project("{FAE04EC0-301F-11D3-BF4B-00C04F79EFBC}") = "Giphy.Android", "Giphy.Android\Giphy.Android.csproj", "{8C3AD068-637C-41CE-B2F3-57F7C3C72FD8}"
EndProject
Project("{FAE04EC0-301F-11D3-BF4B-00C04F79EFBC}") = "Giphy", "Giphy\Giphy.csproj", "{30F1A060-3203-4A00-B8DE-21AA08A88FAB}"
EndProject
Global
	GlobalSection(SolutionConfigurationPlatforms) = preSolution
		Debug|Any CPU = Debug|Any CPU
		Release|Any CPU = Release|Any CPU
	EndGlobalSection
	GlobalSection(ProjectConfigurationPlatforms) = postSolution
		{8C3AD068-637C-41CE-B2F3-57F7C3C72FD8}.Debug|Any CPU.ActiveCfg = Debug|Any CPU
		{8C3AD068-637C-41CE-B2F3-57F7C3C72FD8}.Debug|Any CPU.Build.0 = Debug|Any CPU
		{8C3AD068-637C-41CE-B2F3-57F7C3C72FD8}.Debug|Any CPU.Deploy.0 = Debug|Any CPU
		{8C3AD068-637C-41CE-B2F3-57F7C3C72FD8}.Release|Any CPU.ActiveCfg = Release|Any CPU
		{8C3AD068-637C-41CE-B2F3-57F7C3C72FD8}.Release|Any CPU.Build.0 = Release|Any CPU
		{8C3AD068-637C-41CE-B2F3-57F7C3C72FD8}.Release|Any CPU.Deploy.0 = Release|Any CPU
		{30F1A060-3203-4A00-B8DE-21AA08A88FAB}.Debug|Any CPU.ActiveCfg = Debug|Any CPU
		{30F1A060-3203-4A00-B8DE-21AA08A88FAB}.Debug|Any CPU.Build.0 = Debug|Any CPU
		{30F1A060-3203-4A00-B8DE-21AA08A88FAB}.Debug|Any CPU.Deploy.0 = Debug|Any CPU
		{30F1A060-3203-4A00-B8DE-21AA08A88FAB}.Release|Any CPU.ActiveCfg = Release|Any CPU
		{30F1A060-3203-4A00-B8DE-21AA08A88FAB}.Release|Any CPU.Build.0 = Release|Any CPU
		{30F1A060-3203-4A00-B8DE-21AA08A88FAB}.Release|Any CPU.Deploy.0 = Release|Any CPU
	EndGlobalSection
	GlobalSection(SolutionProperties) = preSolution
		HideSolutionNode = FALSE
	EndGlobalSection
	GlobalSection(ExtensibilityGlobals) = postSolution
		SolutionGuid = {5770A26E-0F0C-4BE7-AAFD-371DACCDE603}
	EndGlobalSection
EndGlobal
