
Microsoft Visual Studio Solution File, Format Version 12.00
# Visual Studio 15
VisualStudioVersion = 15.0.28010.2050
MinimumVisualStudioVersion = 10.0.40219.1
Project("{FAE04EC0-301F-11D3-BF4B-00C04F79EFBC}") = "Calculator.Android", "Calculator.Android\Calculator.Android.csproj", "{7E1E4985-E045-4189-B0CC-7F8D5D52EFCD}"
EndProject
Project("{FAE04EC0-301F-11D3-BF4B-00C04F79EFBC}") = "Calculator.iOS", "Calculator.iOS\Calculator.iOS.csproj", "{742A40D6-CB8A-4C5A-B9EB-505E368A0E79}"
EndProject
Project("{FAE04EC0-301F-11D3-BF4B-00C04F79EFBC}") = "Calculator", "Calculator\Calculator.csproj", "{10141D0F-319C-42AC-9857-61E81385E97E}"
EndProject
Global
	GlobalSection(SolutionConfigurationPlatforms) = preSolution
		Ad-Hoc|Any CPU = Ad-Hoc|Any CPU
		Ad-Hoc|iPhone = Ad-Hoc|iPhone
		Ad-Hoc|iPhoneSimulator = Ad-Hoc|iPhoneSimulator
		AppStore|Any CPU = AppStore|Any CPU
		AppStore|iPhone = AppStore|iPhone
		AppStore|iPhoneSimulator = AppStore|iPhoneSimulator
		Debug|Any CPU = Debug|Any CPU
		Debug|iPhone = Debug|iPhone
		Debug|iPhoneSimulator = Debug|iPhoneSimulator
		Release|Any CPU = Release|Any CPU
		Release|iPhone = Release|iPhone
		Release|iPhoneSimulator = Release|iPhoneSimulator
	EndGlobalSection
	GlobalSection(ProjectConfigurationPlatforms) = postSolution
		{7E1E4985-E045-4189-B0CC-7F8D5D52EFCD}.Ad-Hoc|Any CPU.ActiveCfg = Release|Any CPU
		{7E1E4985-E045-4189-B0CC-7F8D5D52EFCD}.Ad-Hoc|Any CPU.Build.0 = Release|Any CPU
		{7E1E4985-E045-4189-B0CC-7F8D5D52EFCD}.Ad-Hoc|Any CPU.Deploy.0 = Release|Any CPU
		{7E1E4985-E045-4189-B0CC-7F8D5D52EFCD}.Ad-Hoc|iPhone.ActiveCfg = Release|Any CPU
		{7E1E4985-E045-4189-B0CC-7F8D5D52EFCD}.Ad-Hoc|iPhone.Build.0 = Release|Any CPU
		{7E1E4985-E045-4189-B0CC-7F8D5D52EFCD}.Ad-Hoc|iPhone.Deploy.0 = Release|Any CPU
		{7E1E4985-E045-4189-B0CC-7F8D5D52EFCD}.Ad-Hoc|iPhoneSimulator.ActiveCfg = Release|Any CPU
		{7E1E4985-E045-4189-B0CC-7F8D5D52EFCD}.Ad-Hoc|iPhoneSimulator.Build.0 = Release|Any CPU
		{7E1E4985-E045-4189-B0CC-7F8D5D52EFCD}.Ad-Hoc|iPhoneSimulator.Deploy.0 = Release|Any CPU
		{7E1E4985-E045-4189-B0CC-7F8D5D52EFCD}.AppStore|Any CPU.ActiveCfg = Release|Any CPU
		{7E1E4985-E045-4189-B0CC-7F8D5D52EFCD}.AppStore|Any CPU.Build.0 = Release|Any CPU
		{7E1E4985-E045-4189-B0CC-7F8D5D52EFCD}.AppStore|Any CPU.Deploy.0 = Release|Any CPU
		{7E1E4985-E045-4189-B0CC-7F8D5D52EFCD}.AppStore|iPhone.ActiveCfg = Release|Any CPU
		{7E1E4985-E045-4189-B0CC-7F8D5D52EFCD}.AppStore|iPhone.Build.0 = Release|Any CPU
		{7E1E4985-E045-4189-B0CC-7F8D5D52EFCD}.AppStore|iPhone.Deploy.0 = Release|Any CPU
		{7E1E4985-E045-4189-B0CC-7F8D5D52EFCD}.AppStore|iPhoneSimulator.ActiveCfg = Release|Any CPU
		{7E1E4985-E045-4189-B0CC-7F8D5D52EFCD}.AppStore|iPhoneSimulator.Build.0 = Release|Any CPU
		{7E1E4985-E045-4189-B0CC-7F8D5D52EFCD}.AppStore|iPhoneSimulator.Deploy.0 = Release|Any CPU
		{7E1E4985-E045-4189-B0CC-7F8D5D52EFCD}.Debug|Any CPU.ActiveCfg = Debug|Any CPU
		{7E1E4985-E045-4189-B0CC-7F8D5D52EFCD}.Debug|Any CPU.Build.0 = Debug|Any CPU
		{7E1E4985-E045-4189-B0CC-7F8D5D52EFCD}.Debug|Any CPU.Deploy.0 = Debug|Any CPU
		{7E1E4985-E045-4189-B0CC-7F8D5D52EFCD}.Debug|iPhone.ActiveCfg = Debug|Any CPU
		{7E1E4985-E045-4189-B0CC-7F8D5D52EFCD}.Debug|iPhone.Build.0 = Debug|Any CPU
		{7E1E4985-E045-4189-B0CC-7F8D5D52EFCD}.Debug|iPhone.Deploy.0 = Debug|Any CPU
		{7E1E4985-E045-4189-B0CC-7F8D5D52EFCD}.Debug|iPhoneSimulator.ActiveCfg = Debug|Any CPU
		{7E1E4985-E045-4189-B0CC-7F8D5D52EFCD}.Debug|iPhoneSimulator.Build.0 = Debug|Any CPU
		{7E1E4985-E045-4189-B0CC-7F8D5D52EFCD}.Debug|iPhoneSimulator.Deploy.0 = Debug|Any CPU
		{7E1E4985-E045-4189-B0CC-7F8D5D52EFCD}.Release|Any CPU.ActiveCfg = Release|Any CPU
		{7E1E4985-E045-4189-B0CC-7F8D5D52EFCD}.Release|Any CPU.Build.0 = Release|Any CPU
		{7E1E4985-E045-4189-B0CC-7F8D5D52EFCD}.Release|Any CPU.Deploy.0 = Release|Any CPU
		{7E1E4985-E045-4189-B0CC-7F8D5D52EFCD}.Release|iPhone.ActiveCfg = Release|Any CPU
		{7E1E4985-E045-4189-B0CC-7F8D5D52EFCD}.Release|iPhone.Build.0 = Release|Any CPU
		{7E1E4985-E045-4189-B0CC-7F8D5D52EFCD}.Release|iPhone.Deploy.0 = Release|Any CPU
		{7E1E4985-E045-4189-B0CC-7F8D5D52EFCD}.Release|iPhoneSimulator.ActiveCfg = Release|Any CPU
		{7E1E4985-E045-4189-B0CC-7F8D5D52EFCD}.Release|iPhoneSimulator.Build.0 = Release|Any CPU
		{7E1E4985-E045-4189-B0CC-7F8D5D52EFCD}.Release|iPhoneSimulator.Deploy.0 = Release|Any CPU
		{742A40D6-CB8A-4C5A-B9EB-505E368A0E79}.Ad-Hoc|Any CPU.ActiveCfg = Ad-Hoc|iPhone
		{742A40D6-CB8A-4C5A-B9EB-505E368A0E79}.Ad-Hoc|Any CPU.Build.0 = Ad-Hoc|iPhone
		{742A40D6-CB8A-4C5A-B9EB-505E368A0E79}.Ad-Hoc|Any CPU.Deploy.0 = Ad-Hoc|iPhone
		{742A40D6-CB8A-4C5A-B9EB-505E368A0E79}.Ad-Hoc|iPhone.ActiveCfg = Ad-Hoc|iPhone
		{742A40D6-CB8A-4C5A-B9EB-505E368A0E79}.Ad-Hoc|iPhone.Build.0 = Ad-Hoc|iPhone
		{742A40D6-CB8A-4C5A-B9EB-505E368A0E79}.Ad-Hoc|iPhone.Deploy.0 = Ad-Hoc|iPhone
		{742A40D6-CB8A-4C5A-B9EB-505E368A0E79}.Ad-Hoc|iPhoneSimulator.ActiveCfg = Ad-Hoc|iPhoneSimulator
		{742A40D6-CB8A-4C5A-B9EB-505E368A0E79}.Ad-Hoc|iPhoneSimulator.Build.0 = Ad-Hoc|iPhoneSimulator
		{742A40D6-CB8A-4C5A-B9EB-505E368A0E79}.Ad-Hoc|iPhoneSimulator.Deploy.0 = Ad-Hoc|iPhoneSimulator
		{742A40D6-CB8A-4C5A-B9EB-505E368A0E79}.AppStore|Any CPU.ActiveCfg = AppStore|iPhone
		{742A40D6-CB8A-4C5A-B9EB-505E368A0E79}.AppStore|Any CPU.Build.0 = AppStore|iPhone
		{742A40D6-CB8A-4C5A-B9EB-505E368A0E79}.AppStore|Any CPU.Deploy.0 = AppStore|iPhone
		{742A40D6-CB8A-4C5A-B9EB-505E368A0E79}.AppStore|iPhone.ActiveCfg = AppStore|iPhone
		{742A40D6-CB8A-4C5A-B9EB-505E368A0E79}.AppStore|iPhone.Build.0 = AppStore|iPhone
		{742A40D6-CB8A-4C5A-B9EB-505E368A0E79}.AppStore|iPhone.Deploy.0 = AppStore|iPhone
		{742A40D6-CB8A-4C5A-B9EB-505E368A0E79}.AppStore|iPhoneSimulator.ActiveCfg = AppStore|iPhoneSimulator
		{742A40D6-CB8A-4C5A-B9EB-505E368A0E79}.AppStore|iPhoneSimulator.Build.0 = AppStore|iPhoneSimulator
		{742A40D6-CB8A-4C5A-B9EB-505E368A0E79}.AppStore|iPhoneSimulator.Deploy.0 = AppStore|iPhoneSimulator
		{742A40D6-CB8A-4C5A-B9EB-505E368A0E79}.Debug|Any CPU.ActiveCfg = Debug|iPhoneSimulator
		{742A40D6-CB8A-4C5A-B9EB-505E368A0E79}.Debug|Any CPU.Build.0 = Debug|iPhoneSimulator
		{742A40D6-CB8A-4C5A-B9EB-505E368A0E79}.Debug|Any CPU.Deploy.0 = Debug|iPhoneSimulator
		{742A40D6-CB8A-4C5A-B9EB-505E368A0E79}.Debug|iPhone.ActiveCfg = Debug|iPhone
		{742A40D6-CB8A-4C5A-B9EB-505E368A0E79}.Debug|iPhone.Build.0 = Debug|iPhone
		{742A40D6-CB8A-4C5A-B9EB-505E368A0E79}.Debug|iPhone.Deploy.0 = Debug|iPhone
		{742A40D6-CB8A-4C5A-B9EB-505E368A0E79}.Debug|iPhoneSimulator.ActiveCfg = Debug|iPhoneSimulator
		{742A40D6-CB8A-4C5A-B9EB-505E368A0E79}.Debug|iPhoneSimulator.Build.0 = Debug|iPhoneSimulator
		{742A40D6-CB8A-4C5A-B9EB-505E368A0E79}.Debug|iPhoneSimulator.Deploy.0 = Debug|iPhoneSimulator
		{742A40D6-CB8A-4C5A-B9EB-505E368A0E79}.Release|Any CPU.ActiveCfg = Release|iPhone
		{742A40D6-CB8A-4C5A-B9EB-505E368A0E79}.Release|Any CPU.Build.0 = Release|iPhone
		{742A40D6-CB8A-4C5A-B9EB-505E368A0E79}.Release|Any CPU.Deploy.0 = Release|iPhone
		{742A40D6-CB8A-4C5A-B9EB-505E368A0E79}.Release|iPhone.ActiveCfg = Release|iPhone
		{742A40D6-CB8A-4C5A-B9EB-505E368A0E79}.Release|iPhone.Build.0 = Release|iPhone
		{742A40D6-CB8A-4C5A-B9EB-505E368A0E79}.Release|iPhone.Deploy.0 = Release|iPhone
		{742A40D6-CB8A-4C5A-B9EB-505E368A0E79}.Release|iPhoneSimulator.ActiveCfg = Release|iPhoneSimulator
		{742A40D6-CB8A-4C5A-B9EB-505E368A0E79}.Release|iPhoneSimulator.Build.0 = Release|iPhoneSimulator
		{742A40D6-CB8A-4C5A-B9EB-505E368A0E79}.Release|iPhoneSimulator.Deploy.0 = Release|iPhoneSimulator
		{10141D0F-319C-42AC-9857-61E81385E97E}.Ad-Hoc|Any CPU.ActiveCfg = Debug|Any CPU
		{10141D0F-319C-42AC-9857-61E81385E97E}.Ad-Hoc|Any CPU.Build.0 = Debug|Any CPU
		{10141D0F-319C-42AC-9857-61E81385E97E}.Ad-Hoc|Any CPU.Deploy.0 = Debug|Any CPU
		{10141D0F-319C-42AC-9857-61E81385E97E}.Ad-Hoc|iPhone.ActiveCfg = Debug|Any CPU
		{10141D0F-319C-42AC-9857-61E81385E97E}.Ad-Hoc|iPhone.Build.0 = Debug|Any CPU
		{10141D0F-319C-42AC-9857-61E81385E97E}.Ad-Hoc|iPhone.Deploy.0 = Debug|Any CPU
		{10141D0F-319C-42AC-9857-61E81385E97E}.Ad-Hoc|iPhoneSimulator.ActiveCfg = Debug|Any CPU
		{10141D0F-319C-42AC-9857-61E81385E97E}.Ad-Hoc|iPhoneSimulator.Build.0 = Debug|Any CPU
		{10141D0F-319C-42AC-9857-61E81385E97E}.Ad-Hoc|iPhoneSimulator.Deploy.0 = Debug|Any CPU
		{10141D0F-319C-42AC-9857-61E81385E97E}.AppStore|Any CPU.ActiveCfg = Debug|Any CPU
		{10141D0F-319C-42AC-9857-61E81385E97E}.AppStore|Any CPU.Build.0 = Debug|Any CPU
		{10141D0F-319C-42AC-9857-61E81385E97E}.AppStore|Any CPU.Deploy.0 = Debug|Any CPU
		{10141D0F-319C-42AC-9857-61E81385E97E}.AppStore|iPhone.ActiveCfg = Debug|Any CPU
		{10141D0F-319C-42AC-9857-61E81385E97E}.AppStore|iPhone.Build.0 = Debug|Any CPU
		{10141D0F-319C-42AC-9857-61E81385E97E}.AppStore|iPhone.Deploy.0 = Debug|Any CPU
		{10141D0F-319C-42AC-9857-61E81385E97E}.AppStore|iPhoneSimulator.ActiveCfg = Debug|Any CPU
		{10141D0F-319C-42AC-9857-61E81385E97E}.AppStore|iPhoneSimulator.Build.0 = Debug|Any CPU
		{10141D0F-319C-42AC-9857-61E81385E97E}.AppStore|iPhoneSimulator.Deploy.0 = Debug|Any CPU
		{10141D0F-319C-42AC-9857-61E81385E97E}.Debug|Any CPU.ActiveCfg = Debug|Any CPU
		{10141D0F-319C-42AC-9857-61E81385E97E}.Debug|Any CPU.Build.0 = Debug|Any CPU
		{10141D0F-319C-42AC-9857-61E81385E97E}.Debug|Any CPU.Deploy.0 = Debug|Any CPU
		{10141D0F-319C-42AC-9857-61E81385E97E}.Debug|iPhone.ActiveCfg = Debug|Any CPU
		{10141D0F-319C-42AC-9857-61E81385E97E}.Debug|iPhone.Build.0 = Debug|Any CPU
		{10141D0F-319C-42AC-9857-61E81385E97E}.Debug|iPhone.Deploy.0 = Debug|Any CPU
		{10141D0F-319C-42AC-9857-61E81385E97E}.Debug|iPhoneSimulator.ActiveCfg = Debug|Any CPU
		{10141D0F-319C-42AC-9857-61E81385E97E}.Debug|iPhoneSimulator.Build.0 = Debug|Any CPU
		{10141D0F-319C-42AC-9857-61E81385E97E}.Debug|iPhoneSimulator.Deploy.0 = Debug|Any CPU
		{10141D0F-319C-42AC-9857-61E81385E97E}.Release|Any CPU.ActiveCfg = Release|Any CPU
		{10141D0F-319C-42AC-9857-61E81385E97E}.Release|Any CPU.Build.0 = Release|Any CPU
		{10141D0F-319C-42AC-9857-61E81385E97E}.Release|Any CPU.Deploy.0 = Release|Any CPU
		{10141D0F-319C-42AC-9857-61E81385E97E}.Release|iPhone.ActiveCfg = Release|Any CPU
		{10141D0F-319C-42AC-9857-61E81385E97E}.Release|iPhone.Build.0 = Release|Any CPU
		{10141D0F-319C-42AC-9857-61E81385E97E}.Release|iPhone.Deploy.0 = Release|Any CPU
		{10141D0F-319C-42AC-9857-61E81385E97E}.Release|iPhoneSimulator.ActiveCfg = Release|Any CPU
		{10141D0F-319C-42AC-9857-61E81385E97E}.Release|iPhoneSimulator.Build.0 = Release|Any CPU
		{10141D0F-319C-42AC-9857-61E81385E97E}.Release|iPhoneSimulator.Deploy.0 = Release|Any CPU
	EndGlobalSection
	GlobalSection(SolutionProperties) = preSolution
		HideSolutionNode = FALSE
	EndGlobalSection
	GlobalSection(ExtensibilityGlobals) = postSolution
		SolutionGuid = {4653A270-A071-444E-8E2F-941EB36F23E4}
	EndGlobalSection
EndGlobal
